Microsoft Visual Studio Solution File, Format Version 12.00
# Visual Studio Version 17
VisualStudioVersion = 17.5.2.0
MinimumVisualStudioVersion = 10.0.40219.1
Project("{FAE04EC0-301F-11D3-BF4B-00C04F79EFBC}") = "TrybikMacro", "Macro.csproj", "{B248C754-ACEC-4A94-3540-CF64EACE2070}"
EndProject
Global
	GlobalSection(SolutionConfigurationPlatforms) = preSolution
		Debug|Any CPU = Debug|Any CPU
		Release|Any CPU = Release|Any CPU
	EndGlobalSection
	GlobalSection(ProjectConfigurationPlatforms) = postSolution
		{B248C754-ACEC-4A94-3540-CF64EACE2070}.Debug|Any CPU.ActiveCfg = Debug|Any CPU
		{B248C754-ACEC-4A94-3540-CF64EACE2070}.Debug|Any CPU.Build.0 = Debug|Any CPU
		{B248C754-ACEC-4A94-3540-CF64EACE2070}.Release|Any CPU.ActiveCfg = Release|Any CPU
		{B248C754-ACEC-4A94-3540-CF64EACE2070}.Release|Any CPU.Build.0 = Release|Any CPU
	EndGlobalSection
	GlobalSection(SolutionProperties) = preSolution
		HideSolutionNode = FALSE
	EndGlobalSection
	GlobalSection(ExtensibilityGlobals) = postSolution
		SolutionGuid = {DFE8872A-0AE3-4898-8164-1A12277F02B4}
	EndGlobalSection
EndGlobal
